
Microsoft Visual Studio Solution File, Format Version 12.00
Project("{FAE04EC0-301F-11D3-BF4B-00C04F79EFBC}") = "AsyncEnumerableQuery", "AsyncEnumerableQuery\AsyncEnumerableQuery.csproj", "{71BF8380-6215-4285-A2F7-2D9B5D254576}"
EndProject
Project("{FAE04EC0-301F-11D3-BF4B-00C04F79EFBC}") = "AsyncEnumerableQuery.Test", "AsyncEnumerableQuery.Test\AsyncEnumerableQuery.Test.csproj", "{1E1B048F-70F7-494D-B310-EC7AE85FC8D0}"
EndProject
Global
	GlobalSection(SolutionConfigurationPlatforms) = preSolution
		Debug|Any CPU = Debug|Any CPU
		Release|Any CPU = Release|Any CPU
	EndGlobalSection
	GlobalSection(ProjectConfigurationPlatforms) = postSolution
		{71BF8380-6215-4285-A2F7-2D9B5D254576}.Debug|Any CPU.ActiveCfg = Debug|Any CPU
		{71BF8380-6215-4285-A2F7-2D9B5D254576}.Debug|Any CPU.Build.0 = Debug|Any CPU
		{71BF8380-6215-4285-A2F7-2D9B5D254576}.Release|Any CPU.ActiveCfg = Release|Any CPU
		{71BF8380-6215-4285-A2F7-2D9B5D254576}.Release|Any CPU.Build.0 = Release|Any CPU
		{1E1B048F-70F7-494D-B310-EC7AE85FC8D0}.Debug|Any CPU.ActiveCfg = Debug|Any CPU
		{1E1B048F-70F7-494D-B310-EC7AE85FC8D0}.Debug|Any CPU.Build.0 = Debug|Any CPU
		{1E1B048F-70F7-494D-B310-EC7AE85FC8D0}.Release|Any CPU.ActiveCfg = Release|Any CPU
		{1E1B048F-70F7-494D-B310-EC7AE85FC8D0}.Release|Any CPU.Build.0 = Release|Any CPU
	EndGlobalSection
EndGlobal
